
Microsoft Visual Studio Solution File, Format Version 12.00
# Visual Studio Version 17
VisualStudioVersion = 17.5.33424.131
MinimumVisualStudioVersion = 10.0.40219.1
Project("{9A19103F-16F7-4668-BE54-9A1E7A4F7556}") = "Company", "Company.csproj", "{4655BC64-51CF-4A7C-BE1D-8B5E4A00C3A0}"
EndProject
Project("{2150E333-8FDC-42A3-9474-1A3956D46DE8}") = "1 - Core", "1 - Core", "{AA759841-885F-41EB-AE2A-62093AAFF314}"
EndProject
Project("{2150E333-8FDC-42A3-9474-1A3956D46DE8}") = "2 - Database", "2 - Database", "{57B861DF-ED4E-40B9-96BC-FA9F4ADB782B}"
EndProject
Project("{2150E333-8FDC-42A3-9474-1A3956D46DE8}") = "3 - Repositories", "3 - Repositories", "{153B0FBE-AC5B-4202-BF34-A4F5B66CA804}"
EndProject
Project("{2150E333-8FDC-42A3-9474-1A3956D46DE8}") = "4 - Services", "4 - Services", "{AE851024-DC89-49FC-9FD9-FF3B5D78881F}"
EndProject
Project("{2150E333-8FDC-42A3-9474-1A3956D46DE8}") = "5 - Presentation", "5 - Presentation", "{580ADE7D-0A19-4DC3-942C-FE12C4D336B5}"
EndProject
Project("{FAE04EC0-301F-11D3-BF4B-00C04F79EFBC}") = "Company.Core", "..\Company.Core\Company.Core.csproj", "{2008B429-C893-428C-B6E4-2D3F5789A7B0}"
EndProject
Project("{FAE04EC0-301F-11D3-BF4B-00C04F79EFBC}") = "Company.Database", "..\Company.Database\Company.Database.csproj", "{883F17C5-9F8C-464E-BDD2-B3E6BA66F845}"
EndProject
Project("{2150E333-8FDC-42A3-9474-1A3956D46DE8}") = "Interface", "Interface", "{9542B9B2-8718-4398-9726-1E683E82B8A3}"
EndProject
Project("{2150E333-8FDC-42A3-9474-1A3956D46DE8}") = "Repository", "Repository", "{908C5B76-39BD-4981-9464-849BD18FD263}"
EndProject
Project("{FAE04EC0-301F-11D3-BF4B-00C04F79EFBC}") = "Company.Repositories.Interface", "..\Company.Repositories.Interface\Company.Repositories.Interface.csproj", "{93850FF4-2B91-4574-A8BF-F23664833072}"
EndProject
Project("{FAE04EC0-301F-11D3-BF4B-00C04F79EFBC}") = "Company.Repository", "..\Company.Repository\Company.Repository.csproj", "{0B2A3D96-E7C4-4F35-AF8A-31EDDCAB1886}"
EndProject
Project("{2150E333-8FDC-42A3-9474-1A3956D46DE8}") = "Interface", "Interface", "{B3194A0C-EE54-4C09-9864-D45E8AE8ADAF}"
EndProject
Project("{2150E333-8FDC-42A3-9474-1A3956D46DE8}") = "Service", "Service", "{07828087-6A0B-4096-BDA9-B0F353BAA87C}"
EndProject
Project("{FAE04EC0-301F-11D3-BF4B-00C04F79EFBC}") = "Company.Service.Interface", "..\Company.Service.Interface\Company.Service.Interface.csproj", "{71DD6E32-E9E5-4961-9F16-11092039B294}"
EndProject
Project("{FAE04EC0-301F-11D3-BF4B-00C04F79EFBC}") = "Company.Service", "..\Company.Service\Company.Service.csproj", "{F9F0CE4C-6FFC-468F-876E-8F9DD3FF4660}"
EndProject
Global
	GlobalSection(SolutionConfigurationPlatforms) = preSolution
		Debug|Any CPU = Debug|Any CPU
		Release|Any CPU = Release|Any CPU
	EndGlobalSection
	GlobalSection(ProjectConfigurationPlatforms) = postSolution
		{4655BC64-51CF-4A7C-BE1D-8B5E4A00C3A0}.Debug|Any CPU.ActiveCfg = Debug|Any CPU
		{4655BC64-51CF-4A7C-BE1D-8B5E4A00C3A0}.Debug|Any CPU.Build.0 = Debug|Any CPU
		{4655BC64-51CF-4A7C-BE1D-8B5E4A00C3A0}.Release|Any CPU.ActiveCfg = Release|Any CPU
		{4655BC64-51CF-4A7C-BE1D-8B5E4A00C3A0}.Release|Any CPU.Build.0 = Release|Any CPU
		{2008B429-C893-428C-B6E4-2D3F5789A7B0}.Debug|Any CPU.ActiveCfg = Debug|Any CPU
		{2008B429-C893-428C-B6E4-2D3F5789A7B0}.Debug|Any CPU.Build.0 = Debug|Any CPU
		{2008B429-C893-428C-B6E4-2D3F5789A7B0}.Release|Any CPU.ActiveCfg = Release|Any CPU
		{2008B429-C893-428C-B6E4-2D3F5789A7B0}.Release|Any CPU.Build.0 = Release|Any CPU
		{883F17C5-9F8C-464E-BDD2-B3E6BA66F845}.Debug|Any CPU.ActiveCfg = Debug|Any CPU
		{883F17C5-9F8C-464E-BDD2-B3E6BA66F845}.Debug|Any CPU.Build.0 = Debug|Any CPU
		{883F17C5-9F8C-464E-BDD2-B3E6BA66F845}.Release|Any CPU.ActiveCfg = Release|Any CPU
		{883F17C5-9F8C-464E-BDD2-B3E6BA66F845}.Release|Any CPU.Build.0 = Release|Any CPU
		{93850FF4-2B91-4574-A8BF-F23664833072}.Debug|Any CPU.ActiveCfg = Debug|Any CPU
		{93850FF4-2B91-4574-A8BF-F23664833072}.Debug|Any CPU.Build.0 = Debug|Any CPU
		{93850FF4-2B91-4574-A8BF-F23664833072}.Release|Any CPU.ActiveCfg = Release|Any CPU
		{93850FF4-2B91-4574-A8BF-F23664833072}.Release|Any CPU.Build.0 = Release|Any CPU
		{0B2A3D96-E7C4-4F35-AF8A-31EDDCAB1886}.Debug|Any CPU.ActiveCfg = Debug|Any CPU
		{0B2A3D96-E7C4-4F35-AF8A-31EDDCAB1886}.Debug|Any CPU.Build.0 = Debug|Any CPU
		{0B2A3D96-E7C4-4F35-AF8A-31EDDCAB1886}.Release|Any CPU.ActiveCfg = Release|Any CPU
		{0B2A3D96-E7C4-4F35-AF8A-31EDDCAB1886}.Release|Any CPU.Build.0 = Release|Any CPU
		{71DD6E32-E9E5-4961-9F16-11092039B294}.Debug|Any CPU.ActiveCfg = Debug|Any CPU
		{71DD6E32-E9E5-4961-9F16-11092039B294}.Debug|Any CPU.Build.0 = Debug|Any CPU
		{71DD6E32-E9E5-4961-9F16-11092039B294}.Release|Any CPU.ActiveCfg = Release|Any CPU
		{71DD6E32-E9E5-4961-9F16-11092039B294}.Release|Any CPU.Build.0 = Release|Any CPU
		{F9F0CE4C-6FFC-468F-876E-8F9DD3FF4660}.Debug|Any CPU.ActiveCfg = Debug|Any CPU
		{F9F0CE4C-6FFC-468F-876E-8F9DD3FF4660}.Debug|Any CPU.Build.0 = Debug|Any CPU
		{F9F0CE4C-6FFC-468F-876E-8F9DD3FF4660}.Release|Any CPU.ActiveCfg = Release|Any CPU
		{F9F0CE4C-6FFC-468F-876E-8F9DD3FF4660}.Release|Any CPU.Build.0 = Release|Any CPU
	EndGlobalSection
	GlobalSection(SolutionProperties) = preSolution
		HideSolutionNode = FALSE
	EndGlobalSection
	GlobalSection(NestedProjects) = preSolution
		{4655BC64-51CF-4A7C-BE1D-8B5E4A00C3A0} = {580ADE7D-0A19-4DC3-942C-FE12C4D336B5}
		{2008B429-C893-428C-B6E4-2D3F5789A7B0} = {AA759841-885F-41EB-AE2A-62093AAFF314}
		{883F17C5-9F8C-464E-BDD2-B3E6BA66F845} = {57B861DF-ED4E-40B9-96BC-FA9F4ADB782B}
		{9542B9B2-8718-4398-9726-1E683E82B8A3} = {153B0FBE-AC5B-4202-BF34-A4F5B66CA804}
		{908C5B76-39BD-4981-9464-849BD18FD263} = {153B0FBE-AC5B-4202-BF34-A4F5B66CA804}
		{93850FF4-2B91-4574-A8BF-F23664833072} = {9542B9B2-8718-4398-9726-1E683E82B8A3}
		{0B2A3D96-E7C4-4F35-AF8A-31EDDCAB1886} = {908C5B76-39BD-4981-9464-849BD18FD263}
		{B3194A0C-EE54-4C09-9864-D45E8AE8ADAF} = {AE851024-DC89-49FC-9FD9-FF3B5D78881F}
		{07828087-6A0B-4096-BDA9-B0F353BAA87C} = {AE851024-DC89-49FC-9FD9-FF3B5D78881F}
		{71DD6E32-E9E5-4961-9F16-11092039B294} = {B3194A0C-EE54-4C09-9864-D45E8AE8ADAF}
		{F9F0CE4C-6FFC-468F-876E-8F9DD3FF4660} = {07828087-6A0B-4096-BDA9-B0F353BAA87C}
	EndGlobalSection
	GlobalSection(ExtensibilityGlobals) = postSolution
		SolutionGuid = {E5CC4F5F-2775-4DE6-964A-7A9CCEF3201D}
	EndGlobalSection
EndGlobal
